
Microsoft Visual Studio Solution File, Format Version 12.00
# Visual Studio Version 17
VisualStudioVersion = 17.7.34031.279
MinimumVisualStudioVersion = 10.0.40219.1
Project("{FAE04EC0-301F-11D3-BF4B-00C04F79EFBC}") = "cadastro_jogos_forms", "cadastro_jogos_forms\cadastro_jogos_forms.csproj", "{DE2005D3-E12A-40A7-A0C7-CCE8323306B4}"
EndProject
Global
	GlobalSection(SolutionConfigurationPlatforms) = preSolution
		Debug|Any CPU = Debug|Any CPU
		Release|Any CPU = Release|Any CPU
	EndGlobalSection
	GlobalSection(ProjectConfigurationPlatforms) = postSolution
		{DE2005D3-E12A-40A7-A0C7-CCE8323306B4}.Debug|Any CPU.ActiveCfg = Debug|Any CPU
		{DE2005D3-E12A-40A7-A0C7-CCE8323306B4}.Debug|Any CPU.Build.0 = Debug|Any CPU
		{DE2005D3-E12A-40A7-A0C7-CCE8323306B4}.Release|Any CPU.ActiveCfg = Release|Any CPU
		{DE2005D3-E12A-40A7-A0C7-CCE8323306B4}.Release|Any CPU.Build.0 = Release|Any CPU
	EndGlobalSection
	GlobalSection(SolutionProperties) = preSolution
		HideSolutionNode = FALSE
	EndGlobalSection
	GlobalSection(ExtensibilityGlobals) = postSolution
		SolutionGuid = {AE50D980-D5B7-4C9A-B171-B0D122A2F0B6}
	EndGlobalSection
EndGlobal
